packages:
  - package: calogica/dbt_expectations
    version: 0.8.2
  - package: dbt-labs/dbt_external_tables
    version: 0.8.2
  - package: dbt-labs/dbt_utils
    version: 1.0.0
  - git: https://github.com/FlipsideCrypto/fsc-utils.git
    revision: d3cf679e079f0cf06142de9386f215e55fe26b3b
  - package: get-select/dbt_snowflake_query_tags
    version: 2.5.0
  - package: calogica/dbt_date
    version: 0.7.2
  - git: https://github.com/FlipsideCrypto/livequery-models.git
    revision: b024188be4e9c6bc00ed77797ebdc92d351d620e
sha1_hash: 3fb8d6ca492a03f5aef6f281508aaa0b34c989d4
