packages:
  - package: calogica/dbt_expectations
    version: 0.8.2
  - package: dbt-labs/dbt_external_tables
    version: 0.8.2
  - package: dbt-labs/dbt_utils
    version: 1.0.0
  - git: https://github.com/FlipsideCrypto/fsc-utils.git
    revision: 62dbf237680acb2f3c68821e279e056f93af7b2f
  - package: get-select/dbt_snowflake_query_tags
    version: 2.5.0
  - package: calogica/dbt_date
    version: 0.7.2
  - git: https://github.com/FlipsideCrypto/livequery-base.git
    revision: 6a453542476e9e36959fbee3b09105c4949833fe
sha1_hash: ae0cad367e221f56ebfd3136a0430e8bc50e0457
