version: 2
models:
  - name: core__fact_votes_agg_block
    description: Deprecating soon! This is a notice that we're replacing this table with `gov__fact_votes_agg_block`. Please migrate queries to the new table by 9/14/23. There will be no column changes or any other changes of any kind. 
    columns:
      - name: BLOCK_TIMESTAMP
        description: "{{ doc('block_timestamp') }}"
        tests:
          - dbt_expectations.expect_column_to_exist
      - name: BLOCK_ID
        description: "{{ doc('block_id') }}"
        tests:
          - dbt_expectations.expect_column_to_exist
      - name: NUM_VOTES
        description: The number of vote events that occurred within the block
        tests:
          - dbt_expectations.expect_column_to_exist